Microsoft Visual Studio Solution File, Format Version 12.00
# Visual Studio Version 17
VisualStudioVersion = 17.5.2.0
MinimumVisualStudioVersion = 10.0.40219.1
Project("{FAE04EC0-301F-11D3-BF4B-00C04F79EFBC}") = "mahesh", "mahesh.csproj", "{49D8E599-9386-F95D-6B41-723A3544C511}"
EndProject
Global
	GlobalSection(SolutionConfigurationPlatforms) = preSolution
		Debug|Any CPU = Debug|Any CPU
		Release|Any CPU = Release|Any CPU
	EndGlobalSection
	GlobalSection(ProjectConfigurationPlatforms) = postSolution
		{49D8E599-9386-F95D-6B41-723A3544C511}.Debug|Any CPU.ActiveCfg = Debug|Any CPU
		{49D8E599-9386-F95D-6B41-723A3544C511}.Debug|Any CPU.Build.0 = Debug|Any CPU
		{49D8E599-9386-F95D-6B41-723A3544C511}.Release|Any CPU.ActiveCfg = Release|Any CPU
		{49D8E599-9386-F95D-6B41-723A3544C511}.Release|Any CPU.Build.0 = Release|Any CPU
	EndGlobalSection
	GlobalSection(SolutionProperties) = preSolution
		HideSolutionNode = FALSE
	EndGlobalSection
	GlobalSection(ExtensibilityGlobals) = postSolution
		SolutionGuid = {98267C3A-3DAA-4BE2-B6E7-8D2B3A59AB88}
	EndGlobalSection
EndGlobal
